// !$*UTF8*$!
{
	archiveVersion = 1;
	classes = {
	};
	objectVersion = 56;
	objects = {

/* Begin PBXBuildFile section */
		7E22CBED29D640310059C6D4 /* DataModel.xcdatamodeld in Sources */ = {isa = PBXBuildFile; fileRef = 7E22CBEB29D640310059C6D4 /* DataModel.xcdatamodeld */; };
		7E22CC2129D6460D0059C6D4 /* ProductType+CoreDataClass.swift in Sources */ = {isa = PBXBuildFile; fileRef = 7E22CC1729D6460D0059C6D4 /* ProductType+CoreDataClass.swift */; };
		7E22CC2229D6460D0059C6D4 /* ProductType+CoreDataProperties.swift in Sources */ = {isa = PBXBuildFile; fileRef = 7E22CC1829D6460D0059C6D4 /* ProductType+CoreDataProperties.swift */; };
		7E22CC2329D6460D0059C6D4 /* Product+CoreDataClass.swift in Sources */ = {isa = PBXBuildFile; fileRef = 7E22CC1929D6460D0059C6D4 /* Product+CoreDataClass.swift */; };
		7E22CC2429D6460D0059C6D4 /* Product+CoreDataProperties.swift in Sources */ = {isa = PBXBuildFile; fileRef = 7E22CC1A29D6460D0059C6D4 /* Product+CoreDataProperties.swift */; };
		7E22CC2529D6460D0059C6D4 /* Order+CoreDataClass.swift in Sources */ = {isa = PBXBuildFile; fileRef = 7E22CC1B29D6460D0059C6D4 /* Order+CoreDataClass.swift */; };
		7E22CC2629D6460D0059C6D4 /* Order+CoreDataProperties.swift in Sources */ = {isa = PBXBuildFile; fileRef = 7E22CC1C29D6460D0059C6D4 /* Order+CoreDataProperties.swift */; };
		7E22CC2929D6460D0059C6D4 /* Product_Post+CoreDataClass.swift in Sources */ = {isa = PBXBuildFile; fileRef = 7E22CC1F29D6460D0059C6D4 /* Product_Post+CoreDataClass.swift */; };
		7E22CC2A29D6460D0059C6D4 /* Product_Post+CoreDataProperties.swift in Sources */ = {isa = PBXBuildFile; fileRef = 7E22CC2029D6460D0059C6D4 /* Product_Post+CoreDataProperties.swift */; };
		7E22CC2D29D6559B0059C6D4 /* TypeViewController.swift in Sources */ = {isa = PBXBuildFile; fileRef = 7E22CC2C29D6559B0059C6D4 /* TypeViewController.swift */; };
		7E22CC2F29D65E850059C6D4 /* AddTypeViewController.swift in Sources */ = {isa = PBXBuildFile; fileRef = 7E22CC2E29D65E850059C6D4 /* AddTypeViewController.swift */; };
		7E22CC3329D661F60059C6D4 /* TypeViewCell.swift in Sources */ = {isa = PBXBuildFile; fileRef = 7E22CC3229D661F60059C6D4 /* TypeViewCell.swift */; };
		7E22CC3529D6907B0059C6D4 /* CompanyViewController.swift in Sources */ = {isa = PBXBuildFile; fileRef = 7E22CC3429D6907B0059C6D4 /* CompanyViewController.swift */; };
		7E22CC3729D6908F0059C6D4 /* AddCompanyViewController.swift in Sources */ = {isa = PBXBuildFile; fileRef = 7E22CC3629D6908F0059C6D4 /* AddCompanyViewController.swift */; };
		7E22CC3929D696E30059C6D4 /* CompanyViewCell.swift in Sources */ = {isa = PBXBuildFile; fileRef = 7E22CC3829D696E30059C6D4 /* CompanyViewCell.swift */; };
		7E68E94829D20D5A00830807 /* AppDelegate.swift in Sources */ = {isa = PBXBuildFile; fileRef = 7E68E94729D20D5A00830807 /* AppDelegate.swift */; };
		7E68E94A29D20D5A00830807 /* SceneDelegate.swift in Sources */ = {isa = PBXBuildFile; fileRef = 7E68E94929D20D5A00830807 /* SceneDelegate.swift */; };
		7E68E94C29D20D5A00830807 /* ViewController.swift in Sources */ = {isa = PBXBuildFile; fileRef = 7E68E94B29D20D5A00830807 /* ViewController.swift */; };
		7E68E94F29D20D5A00830807 /* Main.storyboard in Resources */ = {isa = PBXBuildFile; fileRef = 7E68E94D29D20D5A00830807 /* Main.storyboard */; };
		7E68E95429D20D5B00830807 /* Assets.xcassets in Resources */ = {isa = PBXBuildFile; fileRef = 7E68E95329D20D5B00830807 /* Assets.xcassets */; };
		7E68E95729D20D5B00830807 /* LaunchScreen.storyboard in Resources */ = {isa = PBXBuildFile; fileRef = 7E68E95529D20D5B00830807 /* LaunchScreen.storyboard */; };
		7EE1A1C429D78AE400909D46 /* UpdateTypeViewController.swift in Sources */ = {isa = PBXBuildFile; fileRef = 7EE1A1C329D78AE400909D46 /* UpdateTypeViewController.swift */; };
		7EE1A1C629D7900000909D46 /* ProductViewController.swift in Sources */ = {isa = PBXBuildFile; fileRef = 7EE1A1C529D7900000909D46 /* ProductViewController.swift */; };
		7EE1A1C829D7902B00909D46 /* AddProductViewController.swift in Sources */ = {isa = PBXBuildFile; fileRef = 7EE1A1C729D7902B00909D46 /* AddProductViewController.swift */; };
		7EE1A1CA29D7904100909D46 /* UpdateCompanyViewController.swift in Sources */ = {isa = PBXBuildFile; fileRef = 7EE1A1C929D7904100909D46 /* UpdateCompanyViewController.swift */; };
		7EE1A1CC29D7905000909D46 /* UpdateProductViewController.swift in Sources */ = {isa = PBXBuildFile; fileRef = 7EE1A1CB29D7905000909D46 /* UpdateProductViewController.swift */; };
		7EE1A1CE29D7A03F00909D46 /* ProductViewCell.swift in Sources */ = {isa = PBXBuildFile; fileRef = 7EE1A1CD29D7A03F00909D46 /* ProductViewCell.swift */; };
		7EE1A1D029D7A92E00909D46 /* PostViewController.swift in Sources */ = {isa = PBXBuildFile; fileRef = 7EE1A1CF29D7A92E00909D46 /* PostViewController.swift */; };
		7EE1A1D229D7A93A00909D46 /* AddPostViewController.swift in Sources */ = {isa = PBXBuildFile; fileRef = 7EE1A1D129D7A93A00909D46 /* AddPostViewController.swift */; };
		7EE1A1D429D7E47700909D46 /* UpdatePostViewController.swift in Sources */ = {isa = PBXBuildFile; fileRef = 7EE1A1D329D7E47700909D46 /* UpdatePostViewController.swift */; };
		7EE1A1D629D7EA2200909D46 /* PostViewCell.swift in Sources */ = {isa = PBXBuildFile; fileRef = 7EE1A1D529D7EA2200909D46 /* PostViewCell.swift */; };
		7EE1A1D829D7EE6A00909D46 /* OrderViewController.swift in Sources */ = {isa = PBXBuildFile; fileRef = 7EE1A1D729D7EE6A00909D46 /* OrderViewController.swift */; };
		7EE1A1DA29D7F0B600909D46 /* OrderViewCell.swift in Sources */ = {isa = PBXBuildFile; fileRef = 7EE1A1D929D7F0B600909D46 /* OrderViewCell.swift */; };
		7EE1A1DC29D8A9F300909D46 /* SearchViewController.swift in Sources */ = {isa = PBXBuildFile; fileRef = 7EE1A1DB29D8A9F300909D46 /* SearchViewController.swift */; };
		7EE1A1DF29D8CE0400909D46 /* Company+CoreDataClass.swift in Sources */ = {isa = PBXBuildFile; fileRef = 7EE1A1DD29D8CE0400909D46 /* Company+CoreDataClass.swift */; };
		7EE1A1E029D8CE0400909D46 /* Company+CoreDataProperties.swift in Sources */ = {isa = PBXBuildFile; fileRef = 7EE1A1DE29D8CE0400909D46 /* Company+CoreDataProperties.swift */; };
		7EE1A1E229D9DBC300909D46 /* KeyboardLayoutConstraint.swift in Sources */ = {isa = PBXBuildFile; fileRef = 7EE1A1E129D9DBC300909D46 /* KeyboardLayoutConstraint.swift */; };
/* End PBXBuildFile section */

/* Begin PBXFileReference section */
		7E22CBEC29D640310059C6D4 /* DataModel.xcdatamodel */ = {isa = PBXFileReference; lastKnownFileType = wrapper.xcdatamodel; path = DataModel.xcdatamodel; sourceTree = "<group>"; };
		7E22CC1729D6460D0059C6D4 /* ProductType+CoreDataClass.swift */ = {isa = PBXFileReference; lastKnownFileType = sourcecode.swift; path = "ProductType+CoreDataClass.swift"; sourceTree = "<group>"; };
		7E22CC1829D6460D0059C6D4 /* ProductType+CoreDataProperties.swift */ = {isa = PBXFileReference; lastKnownFileType = sourcecode.swift; path = "ProductType+CoreDataProperties.swift"; sourceTree = "<group>"; };
		7E22CC1929D6460D0059C6D4 /* Product+CoreDataClass.swift */ = {isa = PBXFileReference; lastKnownFileType = sourcecode.swift; path = "Product+CoreDataClass.swift"; sourceTree = "<group>"; };
		7E22CC1A29D6460D0059C6D4 /* Product+CoreDataProperties.swift */ = {isa = PBXFileReference; lastKnownFileType = sourcecode.swift; path = "Product+CoreDataProperties.swift"; sourceTree = "<group>"; };
		7E22CC1B29D6460D0059C6D4 /* Order+CoreDataClass.swift */ = {isa = PBXFileReference; lastKnownFileType = sourcecode.swift; path = "Order+CoreDataClass.swift"; sourceTree = "<group>"; };
		7E22CC1C29D6460D0059C6D4 /* Order+CoreDataProperties.swift */ = {isa = PBXFileReference; lastKnownFileType = sourcecode.swift; path = "Order+CoreDataProperties.swift"; sourceTree = "<group>"; };
		7E22CC1F29D6460D0059C6D4 /* Product_Post+CoreDataClass.swift */ = {isa = PBXFileReference; lastKnownFileType = sourcecode.swift; path = "Product_Post+CoreDataClass.swift"; sourceTree = "<group>"; };
		7E22CC2029D6460D0059C6D4 /* Product_Post+CoreDataProperties.swift */ = {isa = PBXFileReference; lastKnownFileType = sourcecode.swift; path = "Product_Post+CoreDataProperties.swift"; sourceTree = "<group>"; };
		7E22CC2C29D6559B0059C6D4 /* TypeViewController.swift */ = {isa = PBXFileReference; lastKnownFileType = sourcecode.swift; path = TypeViewController.swift; sourceTree = "<group>"; };
		7E22CC2E29D65E850059C6D4 /* AddTypeViewController.swift */ = {isa = PBXFileReference; lastKnownFileType = sourcecode.swift; path = AddTypeViewController.swift; sourceTree = "<group>"; };
		7E22CC3229D661F60059C6D4 /* TypeViewCell.swift */ = {isa = PBXFileReference; lastKnownFileType = sourcecode.swift; path = TypeViewCell.swift; sourceTree = "<group>"; };
		7E22CC3429D6907B0059C6D4 /* CompanyViewController.swift */ = {isa = PBXFileReference; lastKnownFileType = sourcecode.swift; path = CompanyViewController.swift; sourceTree = "<group>"; };
		7E22CC3629D6908F0059C6D4 /* AddCompanyViewController.swift */ = {isa = PBXFileReference; lastKnownFileType = sourcecode.swift; path = AddCompanyViewController.swift; sourceTree = "<group>"; };
		7E22CC3829D696E30059C6D4 /* CompanyViewCell.swift */ = {isa = PBXFileReference; lastKnownFileType = sourcecode.swift; path = CompanyViewCell.swift; sourceTree = "<group>"; };
		7E68E94429D20D5A00830807 /* Assignment-8.app */ = {isa = PBXFileReference; explicitFileType = wrapper.application; includeInIndex = 0; path = "Assignment-8.app"; sourceTree = BUILT_PRODUCTS_DIR; };
		7E68E94729D20D5A00830807 /* AppDelegate.swift */ = {isa = PBXFileReference; lastKnownFileType = sourcecode.swift; path = AppDelegate.swift; sourceTree = "<group>"; };
		7E68E94929D20D5A00830807 /* SceneDelegate.swift */ = {isa = PBXFileReference; lastKnownFileType = sourcecode.swift; path = SceneDelegate.swift; sourceTree = "<group>"; };
		7E68E94B29D20D5A00830807 /* ViewController.swift */ = {isa = PBXFileReference; lastKnownFileType = sourcecode.swift; path = ViewController.swift; sourceTree = "<group>"; };
		7E68E94E29D20D5A00830807 /* Base */ = {isa = PBXFileReference; lastKnownFileType = file.storyboard; name = Base; path = Base.lproj/Main.storyboard; sourceTree = "<group>"; };
		7E68E95329D20D5B00830807 /* Assets.xcassets */ = {isa = PBXFileReference; lastKnownFileType = folder.assetcatalog; path = Assets.xcassets; sourceTree = "<group>"; };
		7E68E95629D20D5B00830807 /* Base */ = {isa = PBXFileReference; lastKnownFileType = file.storyboard; name = Base; path = Base.lproj/LaunchScreen.storyboard; sourceTree = "<group>"; };
		7E68E95829D20D5B00830807 /* Info.plist */ = {isa = PBXFileReference; lastKnownFileType = text.plist.xml; path = Info.plist; sourceTree = "<group>"; };
		7EE1A1C329D78AE400909D46 /* UpdateTypeViewController.swift */ = {isa = PBXFileReference; lastKnownFileType = sourcecode.swift; path = UpdateTypeViewController.swift; sourceTree = "<group>"; };
		7EE1A1C529D7900000909D46 /* ProductViewController.swift */ = {isa = PBXFileReference; lastKnownFileType = sourcecode.swift; path = ProductViewController.swift; sourceTree = "<group>"; };
		7EE1A1C729D7902B00909D46 /* AddProductViewController.swift */ = {isa = PBXFileReference; lastKnownFileType = sourcecode.swift; path = AddProductViewController.swift; sourceTree = "<group>"; };
		7EE1A1C929D7904100909D46 /* UpdateCompanyViewController.swift */ = {isa = PBXFileReference; lastKnownFileType = sourcecode.swift; path = UpdateCompanyViewController.swift; sourceTree = "<group>"; };
		7EE1A1CB29D7905000909D46 /* UpdateProductViewController.swift */ = {isa = PBXFileReference; lastKnownFileType = sourcecode.swift; path = UpdateProductViewController.swift; sourceTree = "<group>"; };
		7EE1A1CD29D7A03F00909D46 /* ProductViewCell.swift */ = {isa = PBXFileReference; lastKnownFileType = sourcecode.swift; path = ProductViewCell.swift; sourceTree = "<group>"; };
		7EE1A1CF29D7A92E00909D46 /* PostViewController.swift */ = {isa = PBXFileReference; lastKnownFileType = sourcecode.swift; path = PostViewController.swift; sourceTree = "<group>"; };
		7EE1A1D129D7A93A00909D46 /* AddPostViewController.swift */ = {isa = PBXFileReference; lastKnownFileType = sourcecode.swift; path = AddPostViewController.swift; sourceTree = "<group>"; };
		7EE1A1D329D7E47700909D46 /* UpdatePostViewController.swift */ = {isa = PBXFileReference; lastKnownFileType = sourcecode.swift; path = UpdatePostViewController.swift; sourceTree = "<group>"; };
		7EE1A1D529D7EA2200909D46 /* PostViewCell.swift */ = {isa = PBXFileReference; lastKnownFileType = sourcecode.swift; path = PostViewCell.swift; sourceTree = "<group>"; };
		7EE1A1D729D7EE6A00909D46 /* OrderViewController.swift */ = {isa = PBXFileReference; lastKnownFileType = sourcecode.swift; path = OrderViewController.swift; sourceTree = "<group>"; };
		7EE1A1D929D7F0B600909D46 /* OrderViewCell.swift */ = {isa = PBXFileReference; lastKnownFileType = sourcecode.swift; path = OrderViewCell.swift; sourceTree = "<group>"; };
		7EE1A1DB29D8A9F300909D46 /* SearchViewController.swift */ = {isa = PBXFileReference; lastKnownFileType = sourcecode.swift; path = SearchViewController.swift; sourceTree = "<group>"; };
		7EE1A1DD29D8CE0400909D46 /* Company+CoreDataClass.swift */ = {isa = PBXFileReference; lastKnownFileType = sourcecode.swift; path = "Company+CoreDataClass.swift"; sourceTree = "<group>"; };
		7EE1A1DE29D8CE0400909D46 /* Company+CoreDataProperties.swift */ = {isa = PBXFileReference; lastKnownFileType = sourcecode.swift; path = "Company+CoreDataProperties.swift"; sourceTree = "<group>"; };
		7EE1A1E129D9DBC300909D46 /* KeyboardLayoutConstraint.swift */ = {isa = PBXFileReference; fileEncoding = 4; lastKnownFileType = sourcecode.swift; path = KeyboardLayoutConstraint.swift; sourceTree = "<group>"; };
/* End PBXFileReference section */

/* Begin PBXFrameworksBuildPhase section */
		7E68E94129D20D5A00830807 /* Frameworks */ = {
			isa = PBXFrameworksBuildPhase;
			buildActionMask = 2147483647;
			files = (
			);
			runOnlyForDeploymentPostprocessing = 0;
		};
/* End PBXFrameworksBuildPhase section */

/* Begin PBXGroup section */
		7E22CC0229D645EC0059C6D4 /* DataModels */ = {
			isa = PBXGroup;
			children = (
				7E22CC1729D6460D0059C6D4 /* ProductType+CoreDataClass.swift */,
				7EE1A1DD29D8CE0400909D46 /* Company+CoreDataClass.swift */,
				7EE1A1DE29D8CE0400909D46 /* Company+CoreDataProperties.swift */,
				7E22CC1829D6460D0059C6D4 /* ProductType+CoreDataProperties.swift */,
				7E22CC1929D6460D0059C6D4 /* Product+CoreDataClass.swift */,
				7E22CC1A29D6460D0059C6D4 /* Product+CoreDataProperties.swift */,
				7E22CC1B29D6460D0059C6D4 /* Order+CoreDataClass.swift */,
				7E22CC1C29D6460D0059C6D4 /* Order+CoreDataProperties.swift */,
				7E22CC1F29D6460D0059C6D4 /* Product_Post+CoreDataClass.swift */,
				7E22CC2029D6460D0059C6D4 /* Product_Post+CoreDataProperties.swift */,
			);
			path = DataModels;
			sourceTree = "<group>";
		};
		7E22CC2B29D6557C0059C6D4 /* ViewController */ = {
			isa = PBXGroup;
			children = (
				7E22CC2C29D6559B0059C6D4 /* TypeViewController.swift */,
				7E22CC2E29D65E850059C6D4 /* AddTypeViewController.swift */,
				7E22CC3229D661F60059C6D4 /* TypeViewCell.swift */,
				7E22CC3429D6907B0059C6D4 /* CompanyViewController.swift */,
				7E22CC3629D6908F0059C6D4 /* AddCompanyViewController.swift */,
				7E22CC3829D696E30059C6D4 /* CompanyViewCell.swift */,
				7EE1A1C329D78AE400909D46 /* UpdateTypeViewController.swift */,
				7EE1A1C529D7900000909D46 /* ProductViewController.swift */,
				7EE1A1C729D7902B00909D46 /* AddProductViewController.swift */,
				7EE1A1C929D7904100909D46 /* UpdateCompanyViewController.swift */,
				7EE1A1CB29D7905000909D46 /* UpdateProductViewController.swift */,
				7EE1A1CD29D7A03F00909D46 /* ProductViewCell.swift */,
				7EE1A1CF29D7A92E00909D46 /* PostViewController.swift */,
				7EE1A1D129D7A93A00909D46 /* AddPostViewController.swift */,
				7EE1A1D329D7E47700909D46 /* UpdatePostViewController.swift */,
				7EE1A1D529D7EA2200909D46 /* PostViewCell.swift */,
				7EE1A1D729D7EE6A00909D46 /* OrderViewController.swift */,
				7EE1A1D929D7F0B600909D46 /* OrderViewCell.swift */,
				7EE1A1DB29D8A9F300909D46 /* SearchViewController.swift */,
			);
			path = ViewController;
			sourceTree = "<group>";
		};
		7E68E93B29D20D5A00830807 = {
			isa = PBXGroup;
			children = (
				7E68E94629D20D5A00830807 /* Assignment-8 */,
				7E68E94529D20D5A00830807 /* Products */,
			);
			sourceTree = "<group>";
		};
		7E68E94529D20D5A00830807 /* Products */ = {
			isa = PBXGroup;
			children = (
				7E68E94429D20D5A00830807 /* Assignment-8.app */,
			);
			name = Products;
			sourceTree = "<group>";
		};
		7E68E94629D20D5A00830807 /* Assignment-8 */ = {
			isa = PBXGroup;
			children = (
				7EE1A1E129D9DBC300909D46 /* KeyboardLayoutConstraint.swift */,
				7E22CC2B29D6557C0059C6D4 /* ViewController */,
				7E22CC0229D645EC0059C6D4 /* DataModels */,
				7E22CBEB29D640310059C6D4 /* DataModel.xcdatamodeld */,
				7E68E94729D20D5A00830807 /* AppDelegate.swift */,
				7E68E94929D20D5A00830807 /* SceneDelegate.swift */,
				7E68E94B29D20D5A00830807 /* ViewController.swift */,
				7E68E94D29D20D5A00830807 /* Main.storyboard */,
				7E68E95329D20D5B00830807 /* Assets.xcassets */,
				7E68E95529D20D5B00830807 /* LaunchScreen.storyboard */,
				7E68E95829D20D5B00830807 /* Info.plist */,
			);
			path = "Assignment-8";
			sourceTree = "<group>";
		};
/* End PBXGroup section */

/* Begin PBXNativeTarget section */
		7E68E94329D20D5A00830807 /* Assignment-8 */ = {
			isa = PBXNativeTarget;
			buildConfigurationList = 7E68E95B29D20D5B00830807 /* Build configuration list for PBXNativeTarget "Assignment-8" */;
			buildPhases = (
				7E68E94029D20D5A00830807 /* Sources */,
				7E68E94129D20D5A00830807 /* Frameworks */,
				7E68E94229D20D5A00830807 /* Resources */,
			);
			buildRules = (
			);
			dependencies = (
			);
			name = "Assignment-8";
			productName = "Assignment-8";
			productReference = 7E68E94429D20D5A00830807 /* Assignment-8.app */;
			productType = "com.apple.product-type.application";
		};
/* End PBXNativeTarget section */

/* Begin PBXProject section */
		7E68E93C29D20D5A00830807 /* Project object */ = {
			isa = PBXProject;
			attributes = {
				BuildIndependentTargetsInParallel = 1;
				LastSwiftUpdateCheck = 1420;
				LastUpgradeCheck = 1420;
				TargetAttributes = {
					7E68E94329D20D5A00830807 = {
						CreatedOnToolsVersion = 14.2;
					};
				};
			};
			buildConfigurationList = 7E68E93F29D20D5A00830807 /* Build configuration list for PBXProject "Assignment-8" */;
			compatibilityVersion = "Xcode 14.0";
			developmentRegion = en;
			hasScannedForEncodings = 0;
			knownRegions = (
				en,
				Base,
			);
			mainGroup = 7E68E93B29D20D5A00830807;
			productRefGroup = 7E68E94529D20D5A00830807 /* Products */;
			projectDirPath = "";
			projectRoot = "";
			targets = (
				7E68E94329D20D5A00830807 /* Assignment-8 */,
			);
		};
/* End PBXProject section */

/* Begin PBXResourcesBuildPhase section */
		7E68E94229D20D5A00830807 /* Resources */ = {
			isa = PBXResourcesBuildPhase;
			buildActionMask = 2147483647;
			files = (
				7E68E95729D20D5B00830807 /* LaunchScreen.storyboard in Resources */,
				7E68E95429D20D5B00830807 /* Assets.xcassets in Resources */,
				7E68E94F29D20D5A00830807 /* Main.storyboard in Resources */,
			);
			runOnlyForDeploymentPostprocessing = 0;
		};
/* End PBXResourcesBuildPhase section */

/* Begin PBXSourcesBuildPhase section */
		7E68E94029D20D5A00830807 /* Sources */ = {
			isa = PBXSourcesBuildPhase;
			buildActionMask = 2147483647;
			files = (
				7E22CC2F29D65E850059C6D4 /* AddTypeViewController.swift in Sources */,
				7EE1A1D829D7EE6A00909D46 /* OrderViewController.swift in Sources */,
				7EE1A1CE29D7A03F00909D46 /* ProductViewCell.swift in Sources */,
				7E68E94C29D20D5A00830807 /* ViewController.swift in Sources */,
				7EE1A1DA29D7F0B600909D46 /* OrderViewCell.swift in Sources */,
				7E22CC2229D6460D0059C6D4 /* ProductType+CoreDataProperties.swift in Sources */,
				7EE1A1D429D7E47700909D46 /* UpdatePostViewController.swift in Sources */,
				7E22CC2629D6460D0059C6D4 /* Order+CoreDataProperties.swift in Sources */,
				7E22CC2A29D6460D0059C6D4 /* Product_Post+CoreDataProperties.swift in Sources */,
				7EE1A1CA29D7904100909D46 /* UpdateCompanyViewController.swift in Sources */,
				7EE1A1DC29D8A9F300909D46 /* SearchViewController.swift in Sources */,
				7E22CC2D29D6559B0059C6D4 /* TypeViewController.swift in Sources */,
				7E22CC3329D661F60059C6D4 /* TypeViewCell.swift in Sources */,
				7E22CC2129D6460D0059C6D4 /* ProductType+CoreDataClass.swift in Sources */,
				7E22CC3929D696E30059C6D4 /* CompanyViewCell.swift in Sources */,
				7E22CC2329D6460D0059C6D4 /* Product+CoreDataClass.swift in Sources */,
				7EE1A1C429D78AE400909D46 /* UpdateTypeViewController.swift in Sources */,
				7EE1A1DF29D8CE0400909D46 /* Company+CoreDataClass.swift in Sources */,
				7E22CC3729D6908F0059C6D4 /* AddCompanyViewController.swift in Sources */,
				7EE1A1E229D9DBC300909D46 /* KeyboardLayoutConstraint.swift in Sources */,
				7EE1A1C629D7900000909D46 /* ProductViewController.swift in Sources */,
				7EE1A1CC29D7905000909D46 /* UpdateProductViewController.swift in Sources */,
				7EE1A1D029D7A92E00909D46 /* PostViewController.swift in Sources */,
				7E22CBED29D640310059C6D4 /* DataModel.xcdatamodeld in Sources */,
				7EE1A1D229D7A93A00909D46 /* AddPostViewController.swift in Sources */,
				7EE1A1C829D7902B00909D46 /* AddProductViewController.swift in Sources */,
				7E68E94829D20D5A00830807 /* AppDelegate.swift in Sources */,
				7EE1A1D629D7EA2200909D46 /* PostViewCell.swift in Sources */,
				7E22CC2929D6460D0059C6D4 /* Product_Post+CoreDataClass.swift in Sources */,
				7E22CC3529D6907B0059C6D4 /* CompanyViewController.swift in Sources */,
				7E22CC2429D6460D0059C6D4 /* Product+CoreDataProperties.swift in Sources */,
				7E22CC2529D6460D0059C6D4 /* Order+CoreDataClass.swift in Sources */,
				7E68E94A29D20D5A00830807 /* SceneDelegate.swift in Sources */,
				7EE1A1E029D8CE0400909D46 /* Company+CoreDataProperties.swift in Sources */,
			);
			runOnlyForDeploymentPostprocessing = 0;
		};
/* End PBXSourcesBuildPhase section */

/* Begin PBXVariantGroup section */
		7E68E94D29D20D5A00830807 /* Main.storyboard */ = {
			isa = PBXVariantGroup;
			children = (
				7E68E94E29D20D5A00830807 /* Base */,
			);
			name = Main.storyboard;
			sourceTree = "<group>";
		};
		7E68E95529D20D5B00830807 /* LaunchScreen.storyboard */ = {
			isa = PBXVariantGroup;
			children = (
				7E68E95629D20D5B00830807 /* Base */,
			);
			name = LaunchScreen.storyboard;
			sourceTree = "<group>";
		};
/* End PBXVariantGroup section */

/* Begin XCBuildConfiguration section */
		7E68E95929D20D5B00830807 /* Debug */ = {
			isa = XCBuildConfiguration;
			buildSettings = {
				ALWAYS_SEARCH_USER_PATHS = NO;
				CLANG_ANALYZER_NONNULL = YES;
				CLANG_ANALYZER_NUMBER_OBJECT_CONVERSION = YES_AGGRESSIVE;
				CLANG_CXX_LANGUAGE_STANDARD = "gnu++20";
				CLANG_ENABLE_MODULES = YES;
				CLANG_ENABLE_OBJC_ARC = YES;
				CLANG_ENABLE_OBJC_WEAK = YES;
				CLANG_WARN_BLOCK_CAPTURE_AUTORELEASING = YES;
				CLANG_WARN_BOOL_CONVERSION = YES;
				CLANG_WARN_COMMA = YES;
				CLANG_WARN_CONSTANT_CONVERSION = YES;
				CLANG_WARN_DEPRECATED_OBJC_IMPLEMENTATIONS = YES;
				CLANG_WARN_DIRECT_OBJC_ISA_USAGE = YES_ERROR;
				CLANG_WARN_DOCUMENTATION_COMMENTS = YES;
				CLANG_WARN_EMPTY_BODY = YES;
				CLANG_WARN_ENUM_CONVERSION = YES;
				CLANG_WARN_INFINITE_RECURSION = YES;
				CLANG_WARN_INT_CONVERSION = YES;
				CLANG_WARN_NON_LITERAL_NULL_CONVERSION = YES;
				CLANG_WARN_OBJC_IMPLICIT_RETAIN_SELF = YES;
				CLANG_WARN_OBJC_LITERAL_CONVERSION = YES;
				CLANG_WARN_OBJC_ROOT_CLASS = YES_ERROR;
				CLANG_WARN_QUOTED_INCLUDE_IN_FRAMEWORK_HEADER = YES;
				CLANG_WARN_RANGE_LOOP_ANALYSIS = YES;
				CLANG_WARN_STRICT_PROTOTYPES = YES;
				CLANG_WARN_SUSPICIOUS_MOVE = YES;
				CLANG_WARN_UNGUARDED_AVAILABILITY = YES_AGGRESSIVE;
				CLANG_WARN_UNREACHABLE_CODE = YES;
				CLANG_WARN__DUPLICATE_METHOD_MATCH = YES;
				COPY_PHASE_STRIP = NO;
				DEBUG_INFORMATION_FORMAT = dwarf;
				ENABLE_STRICT_OBJC_MSGSEND = YES;
				ENABLE_TESTABILITY = YES;
				GCC_C_LANGUAGE_STANDARD = gnu11;
				GCC_DYNAMIC_NO_PIC = NO;
				GCC_NO_COMMON_BLOCKS = YES;
				GCC_OPTIMIZATION_LEVEL = 0;
				GCC_PREPROCESSOR_DEFINITIONS = (
					"DEBUG=1",
					"$(inherited)",
				);
				GCC_WARN_64_TO_32_BIT_CONVERSION = YES;
				GCC_WARN_ABOUT_RETURN_TYPE = YES_ERROR;
				GCC_WARN_UNDECLARED_SELECTOR = YES;
				GCC_WARN_UNINITIALIZED_AUTOS = YES_AGGRESSIVE;
				GCC_WARN_UNUSED_FUNCTION = YES;
				GCC_WARN_UNUSED_VARIABLE = YES;
				IPHONEOS_DEPLOYMENT_TARGET = 16.2;
				MTL_ENABLE_DEBUG_INFO = INCLUDE_SOURCE;
				MTL_FAST_MATH = YES;
				ONLY_ACTIVE_ARCH = YES;
				SDKROOT = iphoneos;
				SWIFT_ACTIVE_COMPILATION_CONDITIONS = DEBUG;
				SWIFT_OPTIMIZATION_LEVEL = "-Onone";
			};
			name = Debug;
		};
		7E68E95A29D20D5B00830807 /* Release */ = {
			isa = XCBuildConfiguration;
			buildSettings = {
				ALWAYS_SEARCH_USER_PATHS = NO;
				CLANG_ANALYZER_NONNULL = YES;
				CLANG_ANALYZER_NUMBER_OBJECT_CONVERSION = YES_AGGRESSIVE;
				CLANG_CXX_LANGUAGE_STANDARD = "gnu++20";
				CLANG_ENABLE_MODULES = YES;
				CLANG_ENABLE_OBJC_ARC = YES;
				CLANG_ENABLE_OBJC_WEAK = YES;
				CLANG_WARN_BLOCK_CAPTURE_AUTORELEASING = YES;
				CLANG_WARN_BOOL_CONVERSION = YES;
				CLANG_WARN_COMMA = YES;
				CLANG_WARN_CONSTANT_CONVERSION = YES;
				CLANG_WARN_DEPRECATED_OBJC_IMPLEMENTATIONS = YES;
				CLANG_WARN_DIRECT_OBJC_ISA_USAGE = YES_ERROR;
				CLANG_WARN_DOCUMENTATION_COMMENTS = YES;
				CLANG_WARN_EMPTY_BODY = YES;
				CLANG_WARN_ENUM_CONVERSION = YES;
				CLANG_WARN_INFINITE_RECURSION = YES;
				CLANG_WARN_INT_CONVERSION = YES;
				CLANG_WARN_NON_LITERAL_NULL_CONVERSION = YES;
				CLANG_WARN_OBJC_IMPLICIT_RETAIN_SELF = YES;
				CLANG_WARN_OBJC_LITERAL_CONVERSION = YES;
				CLANG_WARN_OBJC_ROOT_CLASS = YES_ERROR;
				CLANG_WARN_QUOTED_INCLUDE_IN_FRAMEWORK_HEADER = YES;
				CLANG_WARN_RANGE_LOOP_ANALYSIS = YES;
				CLANG_WARN_STRICT_PROTOTYPES = YES;
				CLANG_WARN_SUSPICIOUS_MOVE = YES;
				CLANG_WARN_UNGUARDED_AVAILABILITY = YES_AGGRESSIVE;
				CLANG_WARN_UNREACHABLE_CODE = YES;
				CLANG_WARN__DUPLICATE_METHOD_MATCH = YES;
				COPY_PHASE_STRIP = NO;
				DEBUG_INFORMATION_FORMAT = "dwarf-with-dsym";
				ENABLE_NS_ASSERTIONS = NO;
				ENABLE_STRICT_OBJC_MSGSEND = YES;
				GCC_C_LANGUAGE_STANDARD = gnu11;
				GCC_NO_COMMON_BLOCKS = YES;
				GCC_WARN_64_TO_32_BIT_CONVERSION = YES;
				GCC_WARN_ABOUT_RETURN_TYPE = YES_ERROR;
				GCC_WARN_UNDECLARED_SELECTOR = YES;
				GCC_WARN_UNINITIALIZED_AUTOS = YES_AGGRESSIVE;
				GCC_WARN_UNUSED_FUNCTION = YES;
				GCC_WARN_UNUSED_VARIABLE = YES;
				IPHONEOS_DEPLOYMENT_TARGET = 16.2;
				MTL_ENABLE_DEBUG_INFO = NO;
				MTL_FAST_MATH = YES;
				SDKROOT = iphoneos;
				SWIFT_COMPILATION_MODE = wholemodule;
				SWIFT_OPTIMIZATION_LEVEL = "-O";
				VALIDATE_PRODUCT = YES;
			};
			name = Release;
		};
		7E68E95C29D20D5B00830807 /* Debug */ = {
			isa = XCBuildConfiguration;
			buildSettings = {
				ASSETCATALOG_COMPILER_APPICON_NAME = AppIcon;
				ASSETCATALOG_COMPILER_GLOBAL_ACCENT_COLOR_NAME = AccentColor;
				CODE_SIGN_STYLE = Automatic;
				CURRENT_PROJECT_VERSION = 1;
				DEVELOPMENT_TEAM = 28SGD5ZKXY;
				GENERATE_INFOPLIST_FILE = YES;
				INFOPLIST_FILE = "Assignment-8/Info.plist";
				INFOPLIST_KEY_UIApplicationSupportsIndirectInputEvents = YES;
				INFOPLIST_KEY_UILaunchStoryboardName = LaunchScreen;
				INFOPLIST_KEY_UIMainStoryboardFile = Main;
				INFOPLIST_KEY_UISupportedInterfaceOrientations_iPad = "UIInterfaceOrientationPortrait UIInterfaceOrientationPortraitUpsideDown UIInterfaceOrientationLandscapeLeft UIInterfaceOrientationLandscapeRight";
				INFOPLIST_KEY_UISupportedInterfaceOrientations_iPhone = "UIInterfaceOrientationPortrait UIInterfaceOrientationLandscapeLeft UIInterfaceOrientationLandscapeRight";
				LD_RUNPATH_SEARCH_PATHS = (
					"$(inherited)",
					"@executable_path/Frameworks",
				);
				MARKETING_VERSION = 1.0;
				PRODUCT_BUNDLE_IDENTIFIER = "MobileApp.Assignment-8";
				PRODUCT_NAME = "$(TARGET_NAME)";
				SWIFT_EMIT_LOC_STRINGS = YES;
				SWIFT_VERSION = 5.0;
				TARGETED_DEVICE_FAMILY = "1,2";
			};
			name = Debug;
		};
		7E68E95D29D20D5B00830807 /* Release */ = {
			isa = XCBuildConfiguration;
			buildSettings = {
				ASSETCATALOG_COMPILER_APPICON_NAME = AppIcon;
				ASSETCATALOG_COMPILER_GLOBAL_ACCENT_COLOR_NAME = AccentColor;
				CODE_SIGN_STYLE = Automatic;
				CURRENT_PROJECT_VERSION = 1;
				DEVELOPMENT_TEAM = 28SGD5ZKXY;
				GENERATE_INFOPLIST_FILE = YES;
				INFOPLIST_FILE = "Assignment-8/Info.plist";
				INFOPLIST_KEY_UIApplicationSupportsIndirectInputEvents = YES;
				INFOPLIST_KEY_UILaunchStoryboardName = LaunchScreen;
				INFOPLIST_KEY_UIMainStoryboardFile = Main;
				INFOPLIST_KEY_UISupportedInterfaceOrientations_iPad = "UIInterfaceOrientationPortrait UIInterfaceOrientationPortraitUpsideDown UIInterfaceOrientationLandscapeLeft UIInterfaceOrientationLandscapeRight";
				INFOPLIST_KEY_UISupportedInterfaceOrientations_iPhone = "UIInterfaceOrientationPortrait UIInterfaceOrientationLandscapeLeft UIInterfaceOrientationLandscapeRight";
				LD_RUNPATH_SEARCH_PATHS = (
					"$(inherited)",
					"@executable_path/Frameworks",
				);
				MARKETING_VERSION = 1.0;
				PRODUCT_BUNDLE_IDENTIFIER = "MobileApp.Assignment-8";
				PRODUCT_NAME = "$(TARGET_NAME)";
				SWIFT_EMIT_LOC_STRINGS = YES;
				SWIFT_VERSION = 5.0;
				TARGETED_DEVICE_FAMILY = "1,2";
			};
			name = Release;
		};
/* End XCBuildConfiguration section */

/* Begin XCConfigurationList section */
		7E68E93F29D20D5A00830807 /* Build configuration list for PBXProject "Assignment-8" */ = {
			isa = XCConfigurationList;
			buildConfigurations = (
				7E68E95929D20D5B00830807 /* Debug */,
				7E68E95A29D20D5B00830807 /* Release */,
			);
			defaultConfigurationIsVisible = 0;
			defaultConfigurationName = Release;
		};
		7E68E95B29D20D5B00830807 /* Build configuration list for PBXNativeTarget "Assignment-8" */ = {
			isa = XCConfigurationList;
			buildConfigurations = (
				7E68E95C29D20D5B00830807 /* Debug */,
				7E68E95D29D20D5B00830807 /* Release */,
			);
			defaultConfigurationIsVisible = 0;
			defaultConfigurationName = Release;
		};
/* End XCConfigurationList section */

/* Begin XCVersionGroup section */
		7E22CBEB29D640310059C6D4 /* DataModel.xcdatamodeld */ = {
			isa = XCVersionGroup;
			children = (
				7E22CBEC29D640310059C6D4 /* DataModel.xcdatamodel */,
			);
			currentVersion = 7E22CBEC29D640310059C6D4 /* DataModel.xcdatamodel */;
			path = DataModel.xcdatamodeld;
			sourceTree = "<group>";
			versionGroupType = wrapper.xcdatamodel;
		};
/* End XCVersionGroup section */
	};
	rootObject = 7E68E93C29D20D5A00830807 /* Project object */;
}
